
Microsoft Visual Studio Solution File, Format Version 12.00
# Visual Studio Version 17
VisualStudioVersion = 17.1.32210.238
MinimumVisualStudioVersion = 10.0.40219.1
Project("{9A19103F-16F7-4668-BE54-9A1E7A4F7556}") = "kingdom", "kingdom.csproj", "{C9CA97E6-1525-4DC7-A348-658E0E77E582}"
EndProject
Project("{9A19103F-16F7-4668-BE54-9A1E7A4F7556}") = "base", "..\..\..\..\..\..\Program Files (x86)\Steam\steamapps\common\sbox\addons\base\code\base.csproj", "{3E0F5CC0-8B99-48B9-B9F8-17E663BF4B6B}"
EndProject
Global
	GlobalSection(SolutionConfigurationPlatforms) = preSolution
		Debug|Any CPU = Debug|Any CPU
		Release|Any CPU = Release|Any CPU
	EndGlobalSection
	GlobalSection(ProjectConfigurationPlatforms) = postSolution
		{C9CA97E6-1525-4DC7-A348-658E0E77E582}.Debug|Any CPU.ActiveCfg = Debug|Any CPU
		{C9CA97E6-1525-4DC7-A348-658E0E77E582}.Debug|Any CPU.Build.0 = Debug|Any CPU
		{C9CA97E6-1525-4DC7-A348-658E0E77E582}.Release|Any CPU.ActiveCfg = Release|Any CPU
		{C9CA97E6-1525-4DC7-A348-658E0E77E582}.Release|Any CPU.Build.0 = Release|Any CPU
		{3E0F5CC0-8B99-48B9-B9F8-17E663BF4B6B}.Debug|Any CPU.ActiveCfg = Debug|Any CPU
		{3E0F5CC0-8B99-48B9-B9F8-17E663BF4B6B}.Debug|Any CPU.Build.0 = Debug|Any CPU
		{3E0F5CC0-8B99-48B9-B9F8-17E663BF4B6B}.Release|Any CPU.ActiveCfg = Release|Any CPU
		{3E0F5CC0-8B99-48B9-B9F8-17E663BF4B6B}.Release|Any CPU.Build.0 = Release|Any CPU
	EndGlobalSection
	GlobalSection(SolutionProperties) = preSolution
		HideSolutionNode = FALSE
	EndGlobalSection
	GlobalSection(ExtensibilityGlobals) = postSolution
		SolutionGuid = {7A098F5D-2D93-4A3A-B8AF-4A2CD69F872A}
	EndGlobalSection
EndGlobal
